# This file is automatically @generated by Cargo.
# It is not intended for manual editing.
[[package]]
name = "assemblylift-awslambda-guest"
version = "0.1.0"
dependencies = [
 "assemblylift-core-event-guest",
 "assemblylift-core-guest",
]

[[package]]
name = "assemblylift-awslambda-iomod-guest"
version = "0.1.0"
dependencies = [
 "assemblylift-core-event-guest",
]

[[package]]
name = "assemblylift-core-event-guest"
version = "0.1.0"

[[package]]
name = "assemblylift-core-guest"
version = "0.1.0"

[[package]]
name = "bytes"
version = "0.5.4"
source = "registry+https://github.com/rust-lang/crates.io-index"
checksum = "130aac562c0dd69c56b3b1cc8ffd2e17be31d0b6c25b61c96b76231aa23e39e1"

[[package]]
name = "hello-world"
version = "0.1.0"
dependencies = [
 "assemblylift-awslambda-guest",
 "assemblylift-awslambda-iomod-guest",
 "assemblylift-core-event-guest",
 "assemblylift-core-guest",
 "tokio",
]

[[package]]
name = "pin-project-lite"
version = "0.1.4"
source = "registry+https://github.com/rust-lang/crates.io-index"
checksum = "237844750cfbb86f67afe27eee600dfbbcb6188d734139b534cbfbf4f96792ae"

[[package]]
name = "tokio"
version = "0.2.20"
source = "registry+https://github.com/rust-lang/crates.io-index"
checksum = "05c1d570eb1a36f0345a5ce9c6c6e665b70b73d11236912c0b477616aeec47b1"
dependencies = [
 "bytes",
 "pin-project-lite",
]
