# This file is automatically @generated by Cargo.
# It is not intended for manual editing.
[[package]]
name = "assemblylift-awslambda-clientlib"
version = "0.1.0"
dependencies = [
 "assemblylift-core",
]

[[package]]
name = "assemblylift-awslambda-io"
version = "0.1.0"

[[package]]
name = "assemblylift-core"
version = "0.1.0"

[[package]]
name = "hello-world"
version = "0.1.0"
dependencies = [
 "assemblylift-awslambda-clientlib",
 "assemblylift-awslambda-io",
 "assemblylift-core",
]
